
Microsoft Visual Studio Solution File, Format Version 12.00
# Visual Studio 2012
Project("{FAE04EC0-301F-11D3-BF4B-00C04F79EFBC}") = "TTF", "TTF\TTF.csproj", "{B1A8E99B-9DBC-4E5E-A3A3-B158AB2F599D}"
EndProject
Project("{FAE04EC0-301F-11D3-BF4B-00C04F79EFBC}") = "TTF.Tests", "TTF.Tests\TTF.Tests.csproj", "{8BA90974-FABB-4D60-881D-8A1FAEC8D7E3}"
EndProject
Project("{FAE04EC0-301F-11D3-BF4B-00C04F79EFBC}") = "TTF.Web", "TTF.Web\TTF.Web.csproj", "{7ED41E91-30AD-41ED-A58D-4A10062213BA}"
EndProject
Global
	GlobalSection(SolutionConfigurationPlatforms) = preSolution
		Debug|Any CPU = Debug|Any CPU
		Release|Any CPU = Release|Any CPU
	EndGlobalSection
	GlobalSection(ProjectConfigurationPlatforms) = postSolution
		{B1A8E99B-9DBC-4E5E-A3A3-B158AB2F599D}.Debug|Any CPU.ActiveCfg = Debug|Any CPU
		{B1A8E99B-9DBC-4E5E-A3A3-B158AB2F599D}.Debug|Any CPU.Build.0 = Debug|Any CPU
		{B1A8E99B-9DBC-4E5E-A3A3-B158AB2F599D}.Release|Any CPU.ActiveCfg = Release|Any CPU
		{B1A8E99B-9DBC-4E5E-A3A3-B158AB2F599D}.Release|Any CPU.Build.0 = Release|Any CPU
		{8BA90974-FABB-4D60-881D-8A1FAEC8D7E3}.Debug|Any CPU.ActiveCfg = Debug|Any CPU
		{8BA90974-FABB-4D60-881D-8A1FAEC8D7E3}.Debug|Any CPU.Build.0 = Debug|Any CPU
		{8BA90974-FABB-4D60-881D-8A1FAEC8D7E3}.Release|Any CPU.ActiveCfg = Release|Any CPU
		{8BA90974-FABB-4D60-881D-8A1FAEC8D7E3}.Release|Any CPU.Build.0 = Release|Any CPU
		{7ED41E91-30AD-41ED-A58D-4A10062213BA}.Debug|Any CPU.ActiveCfg = Debug|Any CPU
		{7ED41E91-30AD-41ED-A58D-4A10062213BA}.Debug|Any CPU.Build.0 = Debug|Any CPU
		{7ED41E91-30AD-41ED-A58D-4A10062213BA}.Release|Any CPU.ActiveCfg = Release|Any CPU
		{7ED41E91-30AD-41ED-A58D-4A10062213BA}.Release|Any CPU.Build.0 = Release|Any CPU
	EndGlobalSection
	GlobalSection(SolutionProperties) = preSolution
		HideSolutionNode = FALSE
	EndGlobalSection
EndGlobal
